
Microsoft Visual Studio Solution File, Format Version 12.00
# Visual Studio Version 16
VisualStudioVersion = 16.0.31005.135
MinimumVisualStudioVersion = 10.0.40219.1
Project("{FAE04EC0-301F-11D3-BF4B-00C04F79EFBC}") = "ProyectoEDIp", "ProyectoEDIp\ProyectoEDIp.csproj", "{6DC5C22C-4D3C-47C5-B7D4-9113A742341E}"
EndProject
Project("{FAE04EC0-301F-11D3-BF4B-00C04F79EFBC}") = "Structures", "Structures\Structures.csproj", "{FA6DCE27-AD52-4DB6-9F55-83A5DB0815DD}"
EndProject
Global
	GlobalSection(SolutionConfigurationPlatforms) = preSolution
		Debug|Any CPU = Debug|Any CPU
		Release|Any CPU = Release|Any CPU
	EndGlobalSection
	GlobalSection(ProjectConfigurationPlatforms) = postSolution
		{6DC5C22C-4D3C-47C5-B7D4-9113A742341E}.Debug|Any CPU.ActiveCfg = Debug|Any CPU
		{6DC5C22C-4D3C-47C5-B7D4-9113A742341E}.Debug|Any CPU.Build.0 = Debug|Any CPU
		{6DC5C22C-4D3C-47C5-B7D4-9113A742341E}.Release|Any CPU.ActiveCfg = Release|Any CPU
		{6DC5C22C-4D3C-47C5-B7D4-9113A742341E}.Release|Any CPU.Build.0 = Release|Any CPU
		{FA6DCE27-AD52-4DB6-9F55-83A5DB0815DD}.Debug|Any CPU.ActiveCfg = Debug|Any CPU
		{FA6DCE27-AD52-4DB6-9F55-83A5DB0815DD}.Debug|Any CPU.Build.0 = Debug|Any CPU
		{FA6DCE27-AD52-4DB6-9F55-83A5DB0815DD}.Release|Any CPU.ActiveCfg = Release|Any CPU
		{FA6DCE27-AD52-4DB6-9F55-83A5DB0815DD}.Release|Any CPU.Build.0 = Release|Any CPU
	EndGlobalSection
	GlobalSection(SolutionProperties) = preSolution
		HideSolutionNode = FALSE
	EndGlobalSection
	GlobalSection(ExtensibilityGlobals) = postSolution
		SolutionGuid = {4BC1A354-CC3D-4864-A904-D4BFDF77FBFF}
	EndGlobalSection
EndGlobal
